
Microsoft Visual Studio Solution File, Format Version 12.00
# Visual Studio Version 17
VisualStudioVersion = 17.11.35312.102
MinimumVisualStudioVersion = 10.0.40219.1
Project("{FAE04EC0-301F-11D3-BF4B-00C04F79EFBC}") = "CinemaApp.Web", "CinemaApp.Web\CinemaApp.Web.csproj", "{05E5328E-4176-4018-8A01-0B8F2E40BAEB}"
EndProject
Project("{FAE04EC0-301F-11D3-BF4B-00C04F79EFBC}") = "CinemaApp.Web.ViewModels", "CinemaApp.Web.ViewModels\CinemaApp.Web.ViewModels.csproj", "{6CA994DA-0A0C-452D-B69A-58D9911094EE}"
EndProject
Project("{FAE04EC0-301F-11D3-BF4B-00C04F79EFBC}") = "CinemaApp.Common", "CinemaApp.Common\CinemaApp.Common.csproj", "{8CAB9D55-9442-4B76-9B6B-A332F4A6983C}"
EndProject
Project("{FAE04EC0-301F-11D3-BF4B-00C04F79EFBC}") = "CinemaApp.Data.Models", "CinemaApp.Data.Models\CinemaApp.Data.Models.csproj", "{2BA79E9D-6845-4DFB-945C-99442035A331}"
EndProject
Project("{2150E333-8FDC-42A3-9474-1A3956D46DE8}") = "Web", "Web", "{4E2A58DA-3FC5-49E6-A7CF-6BE77B4C8ACD}"
EndProject
Project("{2150E333-8FDC-42A3-9474-1A3956D46DE8}") = "Data", "Data", "{07B4A551-3058-4381-9213-0027653F613F}"
EndProject
Project("{FAE04EC0-301F-11D3-BF4B-00C04F79EFBC}") = "CinemaApp.Data", "CinemaApp.Data\CinemaApp.Data.csproj", "{50E10CA7-C4C5-4A50-A9AE-9CDD910A4FD0}"
EndProject
Global
	GlobalSection(SolutionConfigurationPlatforms) = preSolution
		Debug|Any CPU = Debug|Any CPU
		Release|Any CPU = Release|Any CPU
	EndGlobalSection
	GlobalSection(ProjectConfigurationPlatforms) = postSolution
		{05E5328E-4176-4018-8A01-0B8F2E40BAEB}.Debug|Any CPU.ActiveCfg = Debug|Any CPU
		{05E5328E-4176-4018-8A01-0B8F2E40BAEB}.Debug|Any CPU.Build.0 = Debug|Any CPU
		{05E5328E-4176-4018-8A01-0B8F2E40BAEB}.Release|Any CPU.ActiveCfg = Release|Any CPU
		{05E5328E-4176-4018-8A01-0B8F2E40BAEB}.Release|Any CPU.Build.0 = Release|Any CPU
		{6CA994DA-0A0C-452D-B69A-58D9911094EE}.Debug|Any CPU.ActiveCfg = Debug|Any CPU
		{6CA994DA-0A0C-452D-B69A-58D9911094EE}.Debug|Any CPU.Build.0 = Debug|Any CPU
		{6CA994DA-0A0C-452D-B69A-58D9911094EE}.Release|Any CPU.ActiveCfg = Release|Any CPU
		{6CA994DA-0A0C-452D-B69A-58D9911094EE}.Release|Any CPU.Build.0 = Release|Any CPU
		{8CAB9D55-9442-4B76-9B6B-A332F4A6983C}.Debug|Any CPU.ActiveCfg = Debug|Any CPU
		{8CAB9D55-9442-4B76-9B6B-A332F4A6983C}.Debug|Any CPU.Build.0 = Debug|Any CPU
		{8CAB9D55-9442-4B76-9B6B-A332F4A6983C}.Release|Any CPU.ActiveCfg = Release|Any CPU
		{8CAB9D55-9442-4B76-9B6B-A332F4A6983C}.Release|Any CPU.Build.0 = Release|Any CPU
		{2BA79E9D-6845-4DFB-945C-99442035A331}.Debug|Any CPU.ActiveCfg = Debug|Any CPU
		{2BA79E9D-6845-4DFB-945C-99442035A331}.Debug|Any CPU.Build.0 = Debug|Any CPU
		{2BA79E9D-6845-4DFB-945C-99442035A331}.Release|Any CPU.ActiveCfg = Release|Any CPU
		{2BA79E9D-6845-4DFB-945C-99442035A331}.Release|Any CPU.Build.0 = Release|Any CPU
		{50E10CA7-C4C5-4A50-A9AE-9CDD910A4FD0}.Debug|Any CPU.ActiveCfg = Debug|Any CPU
		{50E10CA7-C4C5-4A50-A9AE-9CDD910A4FD0}.Debug|Any CPU.Build.0 = Debug|Any CPU
		{50E10CA7-C4C5-4A50-A9AE-9CDD910A4FD0}.Release|Any CPU.ActiveCfg = Release|Any CPU
		{50E10CA7-C4C5-4A50-A9AE-9CDD910A4FD0}.Release|Any CPU.Build.0 = Release|Any CPU
	EndGlobalSection
	GlobalSection(SolutionProperties) = preSolution
		HideSolutionNode = FALSE
	EndGlobalSection
	GlobalSection(NestedProjects) = preSolution
		{05E5328E-4176-4018-8A01-0B8F2E40BAEB} = {4E2A58DA-3FC5-49E6-A7CF-6BE77B4C8ACD}
		{6CA994DA-0A0C-452D-B69A-58D9911094EE} = {4E2A58DA-3FC5-49E6-A7CF-6BE77B4C8ACD}
		{2BA79E9D-6845-4DFB-945C-99442035A331} = {07B4A551-3058-4381-9213-0027653F613F}
		{50E10CA7-C4C5-4A50-A9AE-9CDD910A4FD0} = {07B4A551-3058-4381-9213-0027653F613F}
	EndGlobalSection
	GlobalSection(ExtensibilityGlobals) = postSolution
		SolutionGuid = {AF2EE9CB-5B42-410E-8079-C1C66C962484}
	EndGlobalSection
EndGlobal
